Microsoft Visual Studio Solution File, Format Version 12.00
# Visual Studio Version 17
VisualStudioVersion = 17.3.32819.101
MinimumVisualStudioVersion = 10.0.40219.1
Project("{2150E333-8FDC-42A3-9474-1A3956D46DE8}") = "BackEnd", "BackEnd", "{BE788866-3F3E-465A-8C10-5C7C37446C3D}"
EndProject
Project("{9A19103F-16F7-4668-BE54-9A1E7A4F7556}") = "Licitacija.Services.AdresaAPI", "Licitacija.Services.AdresaAPI\Licitacija.Services.AdresaAPI.csproj", "{5906F8E4-5850-422F-B398-65B0774D89C0}"
EndProject
Project("{9A19103F-16F7-4668-BE54-9A1E7A4F7556}") = "Licitacija.Services.UplataAPI", "Licitacija.Services.UplataAPI\Licitacija.Services.UplataAPI.csproj", "{3A42EC62-06F3-4666-A4C1-7793FFC0FF1A}"
EndProject
Project("{9A19103F-16F7-4668-BE54-9A1E7A4F7556}") = "Licitacija.Services.KupacAPI", "Licitacija.Services.KupacAPI\Licitacija.Services.KupacAPI.csproj", "{908AC0E8-2894-4112-8D41-965582AAEE76}"
EndProject
Project("{9A19103F-16F7-4668-BE54-9A1E7A4F7556}") = "Licitacija.Services.Identity", "Licitacija.Services.Identity\Licitacija.Services.Identity.csproj", "{DE2F187E-BED5-498F-B7C7-2764CD2D7BD2}"
EndProject
Project("{FAE04EC0-301F-11D3-BF4B-00C04F79EFBC}") = "Licitacija.Services.Gateway", "Licitacija.Services.Gateway\Licitacija.Services.Gateway.csproj", "{00D6D0BF-B960-469D-BBA8-9D0B02601DA2}"
EndProject
Global
	GlobalSection(SolutionConfigurationPlatforms) = preSolution
		Debug|Any CPU = Debug|Any CPU
		Release|Any CPU = Release|Any CPU
	EndGlobalSection
	GlobalSection(ProjectConfigurationPlatforms) = postSolution
		{5906F8E4-5850-422F-B398-65B0774D89C0}.Debug|Any CPU.ActiveCfg = Debug|Any CPU
		{5906F8E4-5850-422F-B398-65B0774D89C0}.Debug|Any CPU.Build.0 = Debug|Any CPU
		{5906F8E4-5850-422F-B398-65B0774D89C0}.Release|Any CPU.ActiveCfg = Release|Any CPU
		{5906F8E4-5850-422F-B398-65B0774D89C0}.Release|Any CPU.Build.0 = Release|Any CPU
		{3A42EC62-06F3-4666-A4C1-7793FFC0FF1A}.Debug|Any CPU.ActiveCfg = Debug|Any CPU
		{3A42EC62-06F3-4666-A4C1-7793FFC0FF1A}.Debug|Any CPU.Build.0 = Debug|Any CPU
		{3A42EC62-06F3-4666-A4C1-7793FFC0FF1A}.Release|Any CPU.ActiveCfg = Release|Any CPU
		{3A42EC62-06F3-4666-A4C1-7793FFC0FF1A}.Release|Any CPU.Build.0 = Release|Any CPU
		{908AC0E8-2894-4112-8D41-965582AAEE76}.Debug|Any CPU.ActiveCfg = Debug|Any CPU
		{908AC0E8-2894-4112-8D41-965582AAEE76}.Debug|Any CPU.Build.0 = Debug|Any CPU
		{908AC0E8-2894-4112-8D41-965582AAEE76}.Release|Any CPU.ActiveCfg = Release|Any CPU
		{908AC0E8-2894-4112-8D41-965582AAEE76}.Release|Any CPU.Build.0 = Release|Any CPU
		{DE2F187E-BED5-498F-B7C7-2764CD2D7BD2}.Debug|Any CPU.ActiveCfg = Debug|Any CPU
		{DE2F187E-BED5-498F-B7C7-2764CD2D7BD2}.Debug|Any CPU.Build.0 = Debug|Any CPU
		{DE2F187E-BED5-498F-B7C7-2764CD2D7BD2}.Release|Any CPU.ActiveCfg = Release|Any CPU
		{DE2F187E-BED5-498F-B7C7-2764CD2D7BD2}.Release|Any CPU.Build.0 = Release|Any CPU
		{00D6D0BF-B960-469D-BBA8-9D0B02601DA2}.Debug|Any CPU.ActiveCfg = Debug|Any CPU
		{00D6D0BF-B960-469D-BBA8-9D0B02601DA2}.Debug|Any CPU.Build.0 = Debug|Any CPU
		{00D6D0BF-B960-469D-BBA8-9D0B02601DA2}.Release|Any CPU.ActiveCfg = Release|Any CPU
		{00D6D0BF-B960-469D-BBA8-9D0B02601DA2}.Release|Any CPU.Build.0 = Release|Any CPU
	EndGlobalSection
	GlobalSection(SolutionProperties) = preSolution
		HideSolutionNode = FALSE
	EndGlobalSection
	GlobalSection(NestedProjects) = preSolution
		{5906F8E4-5850-422F-B398-65B0774D89C0} = {BE788866-3F3E-465A-8C10-5C7C37446C3D}
		{3A42EC62-06F3-4666-A4C1-7793FFC0FF1A} = {BE788866-3F3E-465A-8C10-5C7C37446C3D}
		{908AC0E8-2894-4112-8D41-965582AAEE76} = {BE788866-3F3E-465A-8C10-5C7C37446C3D}
		{DE2F187E-BED5-498F-B7C7-2764CD2D7BD2} = {BE788866-3F3E-465A-8C10-5C7C37446C3D}
		{00D6D0BF-B960-469D-BBA8-9D0B02601DA2} = {BE788866-3F3E-465A-8C10-5C7C37446C3D}
	EndGlobalSection
	GlobalSection(ExtensibilityGlobals) = postSolution
		SolutionGuid = {30849ce5-3a9f-47fa-8dcc-78d98971f0fc}
	EndGlobalSection
EndGlobal
