Microsoft Visual Studio Solution File, Format Version 12.00
# Visual Studio Version 17
VisualStudioVersion = 17.3.32819.101
MinimumVisualStudioVersion = 10.0.40219.1
Project("{2150E333-8FDC-42A3-9474-1A3956D46DE8}") = "BackEnd", "BackEnd", "{BE788866-3F3E-465A-8C10-5C7C37446C3D}"
EndProject
Project("{9A19103F-16F7-4668-BE54-9A1E7A4F7556}") = "Licitacija.Services.AdresaAPI", "Licitacija.Services.AdresaAPI\Licitacija.Services.AdresaAPI.csproj", "{5906F8E4-5850-422F-B398-65B0774D89C0}"
EndProject
Project("{9A19103F-16F7-4668-BE54-9A1E7A4F7556}") = "Licitacija.Services.KupacAPI", "Licitacija.Services.KupacAPI\Licitacija.Services.KupacAPI.csproj", "{410F2040-31ED-4CE1-AFA0-92985B2C2244}"
EndProject
Global
	GlobalSection(SolutionConfigurationPlatforms) = preSolution
		Debug|Any CPU = Debug|Any CPU
		Release|Any CPU = Release|Any CPU
	EndGlobalSection
	GlobalSection(ProjectConfigurationPlatforms) = postSolution
		{5906F8E4-5850-422F-B398-65B0774D89C0}.Debug|Any CPU.ActiveCfg = Debug|Any CPU
		{5906F8E4-5850-422F-B398-65B0774D89C0}.Debug|Any CPU.Build.0 = Debug|Any CPU
		{5906F8E4-5850-422F-B398-65B0774D89C0}.Release|Any CPU.ActiveCfg = Release|Any CPU
		{5906F8E4-5850-422F-B398-65B0774D89C0}.Release|Any CPU.Build.0 = Release|Any CPU
		{410F2040-31ED-4CE1-AFA0-92985B2C2244}.Debug|Any CPU.ActiveCfg = Debug|Any CPU
		{410F2040-31ED-4CE1-AFA0-92985B2C2244}.Debug|Any CPU.Build.0 = Debug|Any CPU
		{410F2040-31ED-4CE1-AFA0-92985B2C2244}.Release|Any CPU.ActiveCfg = Release|Any CPU
		{410F2040-31ED-4CE1-AFA0-92985B2C2244}.Release|Any CPU.Build.0 = Release|Any CPU
	EndGlobalSection
	GlobalSection(SolutionProperties) = preSolution
		HideSolutionNode = FALSE
	EndGlobalSection
	GlobalSection(NestedProjects) = preSolution
		{5906F8E4-5850-422F-B398-65B0774D89C0} = {BE788866-3F3E-465A-8C10-5C7C37446C3D}
		{410F2040-31ED-4CE1-AFA0-92985B2C2244} = {BE788866-3F3E-465A-8C10-5C7C37446C3D}
	EndGlobalSection
	GlobalSection(ExtensibilityGlobals) = postSolution
		SolutionGuid = {30849ce5-3a9f-47fa-8dcc-78d98971f0fc}
	EndGlobalSection
EndGlobal
